
Microsoft Visual Studio Solution File, Format Version 12.00
# Visual Studio Version 17
VisualStudioVersion = 17.5.002.0
MinimumVisualStudioVersion = 10.0.40219.1
Project("{9A19103F-16F7-4668-BE54-9A1E7A4F7556}") = "Aula17", "Aula17.csproj", "{6B0F9309-6763-4C5B-BE7B-B86CBF9A7BE7}"
EndProject
Global
	GlobalSection(SolutionConfigurationPlatforms) = preSolution
		Debug|Any CPU = Debug|Any CPU
		Release|Any CPU = Release|Any CPU
	EndGlobalSection
	GlobalSection(ProjectConfigurationPlatforms) = postSolution
		{6B0F9309-6763-4C5B-BE7B-B86CBF9A7BE7}.Debug|Any CPU.ActiveCfg = Debug|Any CPU
		{6B0F9309-6763-4C5B-BE7B-B86CBF9A7BE7}.Debug|Any CPU.Build.0 = Debug|Any CPU
		{6B0F9309-6763-4C5B-BE7B-B86CBF9A7BE7}.Release|Any CPU.ActiveCfg = Release|Any CPU
		{6B0F9309-6763-4C5B-BE7B-B86CBF9A7BE7}.Release|Any CPU.Build.0 = Release|Any CPU
	EndGlobalSection
	GlobalSection(SolutionProperties) = preSolution
		HideSolutionNode = FALSE
	EndGlobalSection
	GlobalSection(ExtensibilityGlobals) = postSolution
		SolutionGuid = {24EDCF79-5037-458B-91A3-4D26AD977AE3}
	EndGlobalSection
EndGlobal
